
Microsoft Visual Studio Solution File, Format Version 12.00
# Visual Studio Version 17
VisualStudioVersion = 17.5.33516.290
MinimumVisualStudioVersion = 10.0.40219.1
Project("{FAE04EC0-301F-11D3-BF4B-00C04F79EFBC}") = "AlmacenHITSS.Negocio", "AlmacenHITSS.Negocio\AlmacenHITSS.Negocio.csproj", "{02C455AD-BB6D-4AA8-9A81-56A4277D9976}"
EndProject
Project("{FAE04EC0-301F-11D3-BF4B-00C04F79EFBC}") = "AlmacenHITSS.Persistencia", "AlmacenHITSS.Persistencia\AlmacenHITSS.Persistencia.csproj", "{E46FFEBA-C4B3-4208-8013-1B7A21B46DF1}"
EndProject
Project("{FAE04EC0-301F-11D3-BF4B-00C04F79EFBC}") = "AlmacenHITSS.Modelo", "AlmacenHITSS.Modelo\AlmacenHITSS.Modelo.csproj", "{2F06D484-3A74-4D19-8A37-DA09FFEC2C2C}"
EndProject
Project("{FAE04EC0-301F-11D3-BF4B-00C04F79EFBC}") = "AlmacenHITSS.Presentacion", "AlmacenHITSS.Presentacion\AlmacenHITSS.Presentacion.csproj", "{F91D8D17-4C90-4E53-9A6E-B2DA0F0A4945}"
EndProject
Global
	GlobalSection(SolutionConfigurationPlatforms) = preSolution
		Debug|Any CPU = Debug|Any CPU
		Release|Any CPU = Release|Any CPU
	EndGlobalSection
	GlobalSection(ProjectConfigurationPlatforms) = postSolution
		{02C455AD-BB6D-4AA8-9A81-56A4277D9976}.Debug|Any CPU.ActiveCfg = Debug|Any CPU
		{02C455AD-BB6D-4AA8-9A81-56A4277D9976}.Debug|Any CPU.Build.0 = Debug|Any CPU
		{02C455AD-BB6D-4AA8-9A81-56A4277D9976}.Release|Any CPU.ActiveCfg = Release|Any CPU
		{02C455AD-BB6D-4AA8-9A81-56A4277D9976}.Release|Any CPU.Build.0 = Release|Any CPU
		{E46FFEBA-C4B3-4208-8013-1B7A21B46DF1}.Debug|Any CPU.ActiveCfg = Debug|Any CPU
		{E46FFEBA-C4B3-4208-8013-1B7A21B46DF1}.Debug|Any CPU.Build.0 = Debug|Any CPU
		{E46FFEBA-C4B3-4208-8013-1B7A21B46DF1}.Release|Any CPU.ActiveCfg = Release|Any CPU
		{E46FFEBA-C4B3-4208-8013-1B7A21B46DF1}.Release|Any CPU.Build.0 = Release|Any CPU
		{2F06D484-3A74-4D19-8A37-DA09FFEC2C2C}.Debug|Any CPU.ActiveCfg = Debug|Any CPU
		{2F06D484-3A74-4D19-8A37-DA09FFEC2C2C}.Debug|Any CPU.Build.0 = Debug|Any CPU
		{2F06D484-3A74-4D19-8A37-DA09FFEC2C2C}.Release|Any CPU.ActiveCfg = Release|Any CPU
		{2F06D484-3A74-4D19-8A37-DA09FFEC2C2C}.Release|Any CPU.Build.0 = Release|Any CPU
		{F91D8D17-4C90-4E53-9A6E-B2DA0F0A4945}.Debug|Any CPU.ActiveCfg = Debug|Any CPU
		{F91D8D17-4C90-4E53-9A6E-B2DA0F0A4945}.Debug|Any CPU.Build.0 = Debug|Any CPU
		{F91D8D17-4C90-4E53-9A6E-B2DA0F0A4945}.Release|Any CPU.ActiveCfg = Release|Any CPU
		{F91D8D17-4C90-4E53-9A6E-B2DA0F0A4945}.Release|Any CPU.Build.0 = Release|Any CPU
	EndGlobalSection
	GlobalSection(SolutionProperties) = preSolution
		HideSolutionNode = FALSE
	EndGlobalSection
	GlobalSection(ExtensibilityGlobals) = postSolution
		SolutionGuid = {05C27FE5-0893-4EFC-A70C-106800E26FC7}
	EndGlobalSection
EndGlobal
